
Microsoft Visual Studio Solution File, Format Version 12.00
# Visual Studio Version 17
VisualStudioVersion = 17.8.34316.72
MinimumVisualStudioVersion = 10.0.40219.1
Project("{9A19103F-16F7-4668-BE54-9A1E7A4F7556}") = "Project", "Project\Project.csproj", "{8C2DE7A1-5C91-4596-8E8D-1F9FE30B7DFB}"
EndProject
Project("{9A19103F-16F7-4668-BE54-9A1E7A4F7556}") = "User", "User\User.csproj", "{4A6F14C7-0C94-49DB-AA60-F5C50362069A}"
EndProject
Project("{FAE04EC0-301F-11D3-BF4B-00C04F79EFBC}") = "UnitTestProject", "UnitTestProject\UnitTestProject.csproj", "{8FAA5839-87C5-446F-B9BB-9EFDD46BA485}"
EndProject
Global
	GlobalSection(SolutionConfigurationPlatforms) = preSolution
		Debug|Any CPU = Debug|Any CPU
		Release|Any CPU = Release|Any CPU
	EndGlobalSection
	GlobalSection(ProjectConfigurationPlatforms) = postSolution
		{8C2DE7A1-5C91-4596-8E8D-1F9FE30B7DFB}.Debug|Any CPU.ActiveCfg = Debug|Any CPU
		{8C2DE7A1-5C91-4596-8E8D-1F9FE30B7DFB}.Debug|Any CPU.Build.0 = Debug|Any CPU
		{8C2DE7A1-5C91-4596-8E8D-1F9FE30B7DFB}.Release|Any CPU.ActiveCfg = Release|Any CPU
		{8C2DE7A1-5C91-4596-8E8D-1F9FE30B7DFB}.Release|Any CPU.Build.0 = Release|Any CPU
		{4A6F14C7-0C94-49DB-AA60-F5C50362069A}.Debug|Any CPU.ActiveCfg = Debug|Any CPU
		{4A6F14C7-0C94-49DB-AA60-F5C50362069A}.Debug|Any CPU.Build.0 = Debug|Any CPU
		{4A6F14C7-0C94-49DB-AA60-F5C50362069A}.Release|Any CPU.ActiveCfg = Release|Any CPU
		{4A6F14C7-0C94-49DB-AA60-F5C50362069A}.Release|Any CPU.Build.0 = Release|Any CPU
		{8FAA5839-87C5-446F-B9BB-9EFDD46BA485}.Debug|Any CPU.ActiveCfg = Debug|Any CPU
		{8FAA5839-87C5-446F-B9BB-9EFDD46BA485}.Debug|Any CPU.Build.0 = Debug|Any CPU
		{8FAA5839-87C5-446F-B9BB-9EFDD46BA485}.Release|Any CPU.ActiveCfg = Release|Any CPU
		{8FAA5839-87C5-446F-B9BB-9EFDD46BA485}.Release|Any CPU.Build.0 = Release|Any CPU
	EndGlobalSection
	GlobalSection(SolutionProperties) = preSolution
		HideSolutionNode = FALSE
	EndGlobalSection
	GlobalSection(ExtensibilityGlobals) = postSolution
		SolutionGuid = {F13C34C9-DE01-4976-8E63-9BCAC54543A0}
	EndGlobalSection
EndGlobal
